
Microsoft Visual Studio Solution File, Format Version 12.00
# Visual Studio Version 17
VisualStudioVersion = 17.4.33205.214
MinimumVisualStudioVersion = 10.0.40219.1
Project("{FAE04EC0-301F-11D3-BF4B-00C04F79EFBC}") = "LeaveManagement.Web", "LeaveManagement.Web\LeaveManagement.Web.csproj", "{30705623-B196-48BC-B18D-129847BC1958}"
EndProject
Global
	GlobalSection(SolutionConfigurationPlatforms) = preSolution
		Debug|Any CPU = Debug|Any CPU
		Release|Any CPU = Release|Any CPU
	EndGlobalSection
	GlobalSection(ProjectConfigurationPlatforms) = postSolution
		{30705623-B196-48BC-B18D-129847BC1958}.Debug|Any CPU.ActiveCfg = Debug|Any CPU
		{30705623-B196-48BC-B18D-129847BC1958}.Debug|Any CPU.Build.0 = Debug|Any CPU
		{30705623-B196-48BC-B18D-129847BC1958}.Release|Any CPU.ActiveCfg = Release|Any CPU
		{30705623-B196-48BC-B18D-129847BC1958}.Release|Any CPU.Build.0 = Release|Any CPU
	EndGlobalSection
	GlobalSection(SolutionProperties) = preSolution
		HideSolutionNode = FALSE
	EndGlobalSection
	GlobalSection(ExtensibilityGlobals) = postSolution
		SolutionGuid = {E77B435A-0E94-42DE-BA94-9C8D6892B3F7}
	EndGlobalSection
EndGlobal
